
Microsoft Visual Studio Solution File, Format Version 12.00
# Visual Studio Version 17
VisualStudioVersion = 17.12.35527.113
MinimumVisualStudioVersion = 10.0.40219.1
Project("{FAE04EC0-301F-11D3-BF4B-00C04F79EFBC}") = "ShortestRoute", "ShortestRoute\ShortestRoute.csproj", "{D590D920-6F11-42AC-96F4-1A41DC85BDA8}"
EndProject
Project("{FAE04EC0-301F-11D3-BF4B-00C04F79EFBC}") = "ShortestRoute.Application", "ShortestRoute.Application\ShortestRoute.Application.csproj", "{993A36F5-4D98-4481-8BD2-7F2E090721C5}"
EndProject
Project("{FAE04EC0-301F-11D3-BF4B-00C04F79EFBC}") = "ShortestRoute.Domain", "ShortestRoute.Domain\ShortestRoute.Domain.csproj", "{827EC2C4-40AD-4859-84E1-5D1269E43DBD}"
EndProject
Project("{FAE04EC0-301F-11D3-BF4B-00C04F79EFBC}") = "ShortestRoute.Shared", "ShortestRoute.Shared\ShortestRoute.Shared.csproj", "{D9260CEE-4289-48B5-8DA1-B41C8E6405C8}"
EndProject
Global
	GlobalSection(SolutionConfigurationPlatforms) = preSolution
		Debug|Any CPU = Debug|Any CPU
		Release|Any CPU = Release|Any CPU
	EndGlobalSection
	GlobalSection(ProjectConfigurationPlatforms) = postSolution
		{D590D920-6F11-42AC-96F4-1A41DC85BDA8}.Debug|Any CPU.ActiveCfg = Debug|Any CPU
		{D590D920-6F11-42AC-96F4-1A41DC85BDA8}.Debug|Any CPU.Build.0 = Debug|Any CPU
		{D590D920-6F11-42AC-96F4-1A41DC85BDA8}.Release|Any CPU.ActiveCfg = Release|Any CPU
		{D590D920-6F11-42AC-96F4-1A41DC85BDA8}.Release|Any CPU.Build.0 = Release|Any CPU
		{993A36F5-4D98-4481-8BD2-7F2E090721C5}.Debug|Any CPU.ActiveCfg = Debug|Any CPU
		{993A36F5-4D98-4481-8BD2-7F2E090721C5}.Debug|Any CPU.Build.0 = Debug|Any CPU
		{993A36F5-4D98-4481-8BD2-7F2E090721C5}.Release|Any CPU.ActiveCfg = Release|Any CPU
		{993A36F5-4D98-4481-8BD2-7F2E090721C5}.Release|Any CPU.Build.0 = Release|Any CPU
		{827EC2C4-40AD-4859-84E1-5D1269E43DBD}.Debug|Any CPU.ActiveCfg = Debug|Any CPU
		{827EC2C4-40AD-4859-84E1-5D1269E43DBD}.Debug|Any CPU.Build.0 = Debug|Any CPU
		{827EC2C4-40AD-4859-84E1-5D1269E43DBD}.Release|Any CPU.ActiveCfg = Release|Any CPU
		{827EC2C4-40AD-4859-84E1-5D1269E43DBD}.Release|Any CPU.Build.0 = Release|Any CPU
		{D9260CEE-4289-48B5-8DA1-B41C8E6405C8}.Debug|Any CPU.ActiveCfg = Debug|Any CPU
		{D9260CEE-4289-48B5-8DA1-B41C8E6405C8}.Debug|Any CPU.Build.0 = Debug|Any CPU
		{D9260CEE-4289-48B5-8DA1-B41C8E6405C8}.Release|Any CPU.ActiveCfg = Release|Any CPU
		{D9260CEE-4289-48B5-8DA1-B41C8E6405C8}.Release|Any CPU.Build.0 = Release|Any CPU
	EndGlobalSection
	GlobalSection(SolutionProperties) = preSolution
		HideSolutionNode = FALSE
	EndGlobalSection
EndGlobal
